// !$*UTF8*$!
{
	archiveVersion = 1;
	classes = {
	};
	objectVersion = 50;
	objects = {

/* Begin PBXBuildFile section */
		1D0428592368113600C7A234 /* AppDelegate.m in Sources */ = {isa = PBXBuildFile; fileRef = 1D0428582368113600C7A234 /* AppDelegate.m */; };
		1D0428642368113700C7A234 /* Assets.xcassets in Resources */ = {isa = PBXBuildFile; fileRef = 1D0428632368113700C7A234 /* Assets.xcassets */; };
		1D0428672368113700C7A234 /* LaunchScreen.storyboard in Resources */ = {isa = PBXBuildFile; fileRef = 1D0428652368113700C7A234 /* LaunchScreen.storyboard */; };
		1D04286A2368113700C7A234 /* main.m in Sources */ = {isa = PBXBuildFile; fileRef = 1D0428692368113700C7A234 /* main.m */; };
		1D04288923681D4300C7A234 /* BKBaseKit.framework in Frameworks */ = {isa = PBXBuildFile; fileRef = 1D04288823681D4300C7A234 /* BKBaseKit.framework */; };
		1D04288A23681D4300C7A234 /* BKBaseKit.framework in Embed Frameworks */ = {isa = PBXBuildFile; fileRef = 1D04288823681D4300C7A234 /* BKBaseKit.framework */; settings = {ATTRIBUTES = (CodeSignOnCopy, RemoveHeadersOnCopy, ); }; };
		1D0428DE2368261E00C7A234 /* DemoListViewController.m in Sources */ = {isa = PBXBuildFile; fileRef = 1D0428DD2368261E00C7A234 /* DemoListViewController.m */; };
/* End PBXBuildFile section */

/* Begin PBXCopyFilesBuildPhase section */
		1D04288B23681D4300C7A234 /* Embed Frameworks */ = {
			isa = PBXCopyFilesBuildPhase;
			buildActionMask = 2147483647;
			dstPath = "";
			dstSubfolderSpec = 10;
			files = (
				1D04288A23681D4300C7A234 /* BKBaseKit.framework in Embed Frameworks */,
			);
			name = "Embed Frameworks";
			runOnlyForDeploymentPostprocessing = 0;
		};
/* End PBXCopyFilesBuildPhase section */

/* Begin PBXFileReference section */
		1D0428542368113600C7A234 /* BKBaseKitDemo.app */ = {isa = PBXFileReference; explicitFileType = wrapper.application; includeInIndex = 0; path = BKBaseKitDemo.app; sourceTree = BUILT_PRODUCTS_DIR; };
		1D0428572368113600C7A234 /* AppDelegate.h */ = {isa = PBXFileReference; lastKnownFileType = sourcecode.c.h; path = AppDelegate.h; sourceTree = "<group>"; };
		1D0428582368113600C7A234 /* AppDelegate.m */ = {isa = PBXFileReference; lastKnownFileType = sourcecode.c.objc; path = AppDelegate.m; sourceTree = "<group>"; };
		1D0428632368113700C7A234 /* Assets.xcassets */ = {isa = PBXFileReference; lastKnownFileType = folder.assetcatalog; path = Assets.xcassets; sourceTree = "<group>"; };
		1D0428662368113700C7A234 /* Base */ = {isa = PBXFileReference; lastKnownFileType = file.storyboard; name = Base; path = Base.lproj/LaunchScreen.storyboard; sourceTree = "<group>"; };
		1D0428682368113700C7A234 /* Info.plist */ = {isa = PBXFileReference; lastKnownFileType = text.plist.xml; path = Info.plist; sourceTree = "<group>"; };
		1D0428692368113700C7A234 /* main.m */ = {isa = PBXFileReference; lastKnownFileType = sourcecode.c.objc; path = main.m; sourceTree = "<group>"; };
		1D04288823681D4300C7A234 /* BKBaseKit.framework */ = {isa = PBXFileReference; explicitFileType = wrapper.framework; path = BKBaseKit.framework; sourceTree = BUILT_PRODUCTS_DIR; };
		1D0428DC2368261E00C7A234 /* DemoListViewController.h */ = {isa = PBXFileReference; lastKnownFileType = sourcecode.c.h; path = DemoListViewController.h; sourceTree = "<group>"; };
		1D0428DD2368261E00C7A234 /* DemoListViewController.m */ = {isa = PBXFileReference; lastKnownFileType = sourcecode.c.objc; path = DemoListViewController.m; sourceTree = "<group>"; };
/* End PBXFileReference section */

/* Begin PBXFrameworksBuildPhase section */
		1D0428512368113600C7A234 /* Frameworks */ = {
			isa = PBXFrameworksBuildPhase;
			buildActionMask = 2147483647;
			files = (
				1D04288923681D4300C7A234 /* BKBaseKit.framework in Frameworks */,
			);
			runOnlyForDeploymentPostprocessing = 0;
		};
/* End PBXFrameworksBuildPhase section */

/* Begin PBXGroup section */
		1D04284B2368113600C7A234 = {
			isa = PBXGroup;
			children = (
				1D0428562368113600C7A234 /* BKBaseKitDemo */,
				1D0428552368113600C7A234 /* Products */,
				1D04288723681D4300C7A234 /* Frameworks */,
			);
			sourceTree = "<group>";
		};
		1D0428552368113600C7A234 /* Products */ = {
			isa = PBXGroup;
			children = (
				1D0428542368113600C7A234 /* BKBaseKitDemo.app */,
			);
			name = Products;
			sourceTree = "<group>";
		};
		1D0428562368113600C7A234 /* BKBaseKitDemo */ = {
			isa = PBXGroup;
			children = (
				1D0428572368113600C7A234 /* AppDelegate.h */,
				1D0428582368113600C7A234 /* AppDelegate.m */,
				1D0428DC2368261E00C7A234 /* DemoListViewController.h */,
				1D0428DD2368261E00C7A234 /* DemoListViewController.m */,
				1D0428632368113700C7A234 /* Assets.xcassets */,
				1D0428652368113700C7A234 /* LaunchScreen.storyboard */,
				1D0428682368113700C7A234 /* Info.plist */,
				1D0428692368113700C7A234 /* main.m */,
			);
			path = BKBaseKitDemo;
			sourceTree = "<group>";
		};
		1D04288723681D4300C7A234 /* Frameworks */ = {
			isa = PBXGroup;
			children = (
				1D04288823681D4300C7A234 /* BKBaseKit.framework */,
			);
			name = Frameworks;
			sourceTree = "<group>";
		};
/* End PBXGroup section */

/* Begin PBXNativeTarget section */
		1D0428532368113600C7A234 /* BKBaseKitDemo */ = {
			isa = PBXNativeTarget;
			buildConfigurationList = 1D04286D2368113700C7A234 /* Build configuration list for PBXNativeTarget "BKBaseKitDemo" */;
			buildPhases = (
				1D0428502368113600C7A234 /* Sources */,
				1D0428512368113600C7A234 /* Frameworks */,
				1D0428522368113600C7A234 /* Resources */,
				1D04288B23681D4300C7A234 /* Embed Frameworks */,
			);
			buildRules = (
			);
			dependencies = (
			);
			name = BKBaseKitDemo;
			productName = BKBaseKitDemo;
			productReference = 1D0428542368113600C7A234 /* BKBaseKitDemo.app */;
			productType = "com.apple.product-type.application";
		};
/* End PBXNativeTarget section */

/* Begin PBXProject section */
		1D04284C2368113600C7A234 /* Project object */ = {
			isa = PBXProject;
			attributes = {
				LastUpgradeCheck = 1110;
				ORGANIZATIONNAME = BIKE;
				TargetAttributes = {
					1D0428532368113600C7A234 = {
						CreatedOnToolsVersion = 11.1;
					};
				};
			};
			buildConfigurationList = 1D04284F2368113600C7A234 /* Build configuration list for PBXProject "BKBaseKitDemo" */;
			compatibilityVersion = "Xcode 9.3";
			developmentRegion = en;
			hasScannedForEncodings = 0;
			knownRegions = (
				en,
				Base,
			);
			mainGroup = 1D04284B2368113600C7A234;
			productRefGroup = 1D0428552368113600C7A234 /* Products */;
			projectDirPath = "";
			projectRoot = "";
			targets = (
				1D0428532368113600C7A234 /* BKBaseKitDemo */,
			);
		};
/* End PBXProject section */

/* Begin PBXResourcesBuildPhase section */
		1D0428522368113600C7A234 /* Resources */ = {
			isa = PBXResourcesBuildPhase;
			buildActionMask = 2147483647;
			files = (
				1D0428672368113700C7A234 /* LaunchScreen.storyboard in Resources */,
				1D0428642368113700C7A234 /* Assets.xcassets in Resources */,
			);
			runOnlyForDeploymentPostprocessing = 0;
		};
/* End PBXResourcesBuildPhase section */

/* Begin PBXSourcesBuildPhase section */
		1D0428502368113600C7A234 /* Sources */ = {
			isa = PBXSourcesBuildPhase;
			buildActionMask = 2147483647;
			files = (
				1D0428592368113600C7A234 /* AppDelegate.m in Sources */,
				1D04286A2368113700C7A234 /* main.m in Sources */,
				1D0428DE2368261E00C7A234 /* DemoListViewController.m in Sources */,
			);
			runOnlyForDeploymentPostprocessing = 0;
		};
/* End PBXSourcesBuildPhase section */

/* Begin PBXVariantGroup section */
		1D0428652368113700C7A234 /* LaunchScreen.storyboard */ = {
			isa = PBXVariantGroup;
			children = (
				1D0428662368113700C7A234 /* Base */,
			);
			name = LaunchScreen.storyboard;
			sourceTree = "<group>";
		};
/* End PBXVariantGroup section */

/* Begin XCBuildConfiguration section */
		1D04286B2368113700C7A234 /* Debug */ = {
			isa = XCBuildConfiguration;
			buildSettings = {
				ALWAYS_SEARCH_USER_PATHS = NO;
				CLANG_ANALYZER_NONNULL = YES;
				CLANG_ANALYZER_NUMBER_OBJECT_CONVERSION = YES_AGGRESSIVE;
				CLANG_CXX_LANGUAGE_STANDARD = "gnu++14";
				CLANG_CXX_LIBRARY = "libc++";
				CLANG_ENABLE_MODULES = YES;
				CLANG_ENABLE_OBJC_ARC = YES;
				CLANG_ENABLE_OBJC_WEAK = YES;
				CLANG_WARN_BLOCK_CAPTURE_AUTORELEASING = YES;
				CLANG_WARN_BOOL_CONVERSION = YES;
				CLANG_WARN_COMMA = YES;
				CLANG_WARN_CONSTANT_CONVERSION = YES;
				CLANG_WARN_DEPRECATED_OBJC_IMPLEMENTATIONS = YES;
				CLANG_WARN_DIRECT_OBJC_ISA_USAGE = YES_ERROR;
				CLANG_WARN_DOCUMENTATION_COMMENTS = YES;
				CLANG_WARN_EMPTY_BODY = YES;
				CLANG_WARN_ENUM_CONVERSION = YES;
				CLANG_WARN_INFINITE_RECURSION = YES;
				CLANG_WARN_INT_CONVERSION = YES;
				CLANG_WARN_NON_LITERAL_NULL_CONVERSION = YES;
				CLANG_WARN_OBJC_IMPLICIT_RETAIN_SELF = YES;
				CLANG_WARN_OBJC_LITERAL_CONVERSION = YES;
				CLANG_WARN_OBJC_ROOT_CLASS = YES_ERROR;
				CLANG_WARN_RANGE_LOOP_ANALYSIS = YES;
				CLANG_WARN_STRICT_PROTOTYPES = YES;
				CLANG_WARN_SUSPICIOUS_MOVE = YES;
				CLANG_WARN_UNGUARDED_AVAILABILITY = YES_AGGRESSIVE;
				CLANG_WARN_UNREACHABLE_CODE = YES;
				CLANG_WARN__DUPLICATE_METHOD_MATCH = YES;
				COPY_PHASE_STRIP = NO;
				DEBUG_INFORMATION_FORMAT = dwarf;
				ENABLE_STRICT_OBJC_MSGSEND = YES;
				ENABLE_TESTABILITY = YES;
				GCC_C_LANGUAGE_STANDARD = gnu11;
				GCC_DYNAMIC_NO_PIC = NO;
				GCC_NO_COMMON_BLOCKS = YES;
				GCC_OPTIMIZATION_LEVEL = 0;
				GCC_PREPROCESSOR_DEFINITIONS = (
					"DEBUG=1",
					"$(inherited)",
				);
				GCC_WARN_64_TO_32_BIT_CONVERSION = YES;
				GCC_WARN_ABOUT_RETURN_TYPE = YES_ERROR;
				GCC_WARN_UNDECLARED_SELECTOR = YES;
				GCC_WARN_UNINITIALIZED_AUTOS = YES_AGGRESSIVE;
				GCC_WARN_UNUSED_FUNCTION = YES;
				GCC_WARN_UNUSED_VARIABLE = YES;
				IPHONEOS_DEPLOYMENT_TARGET = 13.1;
				MTL_ENABLE_DEBUG_INFO = INCLUDE_SOURCE;
				MTL_FAST_MATH = YES;
				ONLY_ACTIVE_ARCH = YES;
				SDKROOT = iphoneos;
			};
			name = Debug;
		};
		1D04286C2368113700C7A234 /* Release */ = {
			isa = XCBuildConfiguration;
			buildSettings = {
				ALWAYS_SEARCH_USER_PATHS = NO;
				CLANG_ANALYZER_NONNULL = YES;
				CLANG_ANALYZER_NUMBER_OBJECT_CONVERSION = YES_AGGRESSIVE;
				CLANG_CXX_LANGUAGE_STANDARD = "gnu++14";
				CLANG_CXX_LIBRARY = "libc++";
				CLANG_ENABLE_MODULES = YES;
				CLANG_ENABLE_OBJC_ARC = YES;
				CLANG_ENABLE_OBJC_WEAK = YES;
				CLANG_WARN_BLOCK_CAPTURE_AUTORELEASING = YES;
				CLANG_WARN_BOOL_CONVERSION = YES;
				CLANG_WARN_COMMA = YES;
				CLANG_WARN_CONSTANT_CONVERSION = YES;
				CLANG_WARN_DEPRECATED_OBJC_IMPLEMENTATIONS = YES;
				CLANG_WARN_DIRECT_OBJC_ISA_USAGE = YES_ERROR;
				CLANG_WARN_DOCUMENTATION_COMMENTS = YES;
				CLANG_WARN_EMPTY_BODY = YES;
				CLANG_WARN_ENUM_CONVERSION = YES;
				CLANG_WARN_INFINITE_RECURSION = YES;
				CLANG_WARN_INT_CONVERSION = YES;
				CLANG_WARN_NON_LITERAL_NULL_CONVERSION = YES;
				CLANG_WARN_OBJC_IMPLICIT_RETAIN_SELF = YES;
				CLANG_WARN_OBJC_LITERAL_CONVERSION = YES;
				CLANG_WARN_OBJC_ROOT_CLASS = YES_ERROR;
				CLANG_WARN_RANGE_LOOP_ANALYSIS = YES;
				CLANG_WARN_STRICT_PROTOTYPES = YES;
				CLANG_WARN_SUSPICIOUS_MOVE = YES;
				CLANG_WARN_UNGUARDED_AVAILABILITY = YES_AGGRESSIVE;
				CLANG_WARN_UNREACHABLE_CODE = YES;
				CLANG_WARN__DUPLICATE_METHOD_MATCH = YES;
				COPY_PHASE_STRIP = NO;
				DEBUG_INFORMATION_FORMAT = "dwarf-with-dsym";
				ENABLE_NS_ASSERTIONS = NO;
				ENABLE_STRICT_OBJC_MSGSEND = YES;
				GCC_C_LANGUAGE_STANDARD = gnu11;
				GCC_NO_COMMON_BLOCKS = YES;
				GCC_WARN_64_TO_32_BIT_CONVERSION = YES;
				GCC_WARN_ABOUT_RETURN_TYPE = YES_ERROR;
				GCC_WARN_UNDECLARED_SELECTOR = YES;
				GCC_WARN_UNINITIALIZED_AUTOS = YES_AGGRESSIVE;
				GCC_WARN_UNUSED_FUNCTION = YES;
				GCC_WARN_UNUSED_VARIABLE = YES;
				IPHONEOS_DEPLOYMENT_TARGET = 13.1;
				MTL_ENABLE_DEBUG_INFO = NO;
				MTL_FAST_MATH = YES;
				SDKROOT = iphoneos;
				VALIDATE_PRODUCT = YES;
			};
			name = Release;
		};
		1D04286E2368113700C7A234 /* Debug */ = {
			isa = XCBuildConfiguration;
			buildSettings = {
				ASSETCATALOG_COMPILER_APPICON_NAME = AppIcon;
				CODE_SIGN_STYLE = Automatic;
				DEVELOPMENT_TEAM = 779S864B3K;
				INFOPLIST_FILE = BKBaseKitDemo/Info.plist;
				IPHONEOS_DEPLOYMENT_TARGET = 9.0;
				LD_RUNPATH_SEARCH_PATHS = (
					"$(inherited)",
					"@executable_path/Frameworks",
				);
				PRODUCT_BUNDLE_IDENTIFIER = BIKE.BKBaseKitDemo;
				PRODUCT_NAME = "$(TARGET_NAME)";
				TARGETED_DEVICE_FAMILY = "1,2";
			};
			name = Debug;
		};
		1D04286F2368113700C7A234 /* Release */ = {
			isa = XCBuildConfiguration;
			buildSettings = {
				ASSETCATALOG_COMPILER_APPICON_NAME = AppIcon;
				CODE_SIGN_STYLE = Automatic;
				DEVELOPMENT_TEAM = 779S864B3K;
				INFOPLIST_FILE = BKBaseKitDemo/Info.plist;
				IPHONEOS_DEPLOYMENT_TARGET = 9.0;
				LD_RUNPATH_SEARCH_PATHS = (
					"$(inherited)",
					"@executable_path/Frameworks",
				);
				PRODUCT_BUNDLE_IDENTIFIER = BIKE.BKBaseKitDemo;
				PRODUCT_NAME = "$(TARGET_NAME)";
				TARGETED_DEVICE_FAMILY = "1,2";
			};
			name = Release;
		};
/* End XCBuildConfiguration section */

/* Begin XCConfigurationList section */
		1D04284F2368113600C7A234 /* Build configuration list for PBXProject "BKBaseKitDemo" */ = {
			isa = XCConfigurationList;
			buildConfigurations = (
				1D04286B2368113700C7A234 /* Debug */,
				1D04286C2368113700C7A234 /* Release */,
			);
			defaultConfigurationIsVisible = 0;
			defaultConfigurationName = Release;
		};
		1D04286D2368113700C7A234 /* Build configuration list for PBXNativeTarget "BKBaseKitDemo" */ = {
			isa = XCConfigurationList;
			buildConfigurations = (
				1D04286E2368113700C7A234 /* Debug */,
				1D04286F2368113700C7A234 /* Release */,
			);
			defaultConfigurationIsVisible = 0;
			defaultConfigurationName = Release;
		};
/* End XCConfigurationList section */
	};
	rootObject = 1D04284C2368113600C7A234 /* Project object */;
}
